
Microsoft Visual Studio Solution File, Format Version 12.00
# Visual Studio Version 17
VisualStudioVersion = 17.10.35122.118
MinimumVisualStudioVersion = 10.0.40219.1
Project("{FAE04EC0-301F-11D3-BF4B-00C04F79EFBC}") = "donkey kong", "donkey kong.csproj", "{B224323A-1072-4717-A974-63E2C55C68C6}"
EndProject
Global
	GlobalSection(SolutionConfigurationPlatforms) = preSolution
		Debug|Any CPU = Debug|Any CPU
		Release|Any CPU = Release|Any CPU
	EndGlobalSection
	GlobalSection(ProjectConfigurationPlatforms) = postSolution
		{B224323A-1072-4717-A974-63E2C55C68C6}.Debug|Any CPU.ActiveCfg = Debug|Any CPU
		{B224323A-1072-4717-A974-63E2C55C68C6}.Debug|Any CPU.Build.0 = Debug|Any CPU
		{B224323A-1072-4717-A974-63E2C55C68C6}.Release|Any CPU.ActiveCfg = Release|Any CPU
		{B224323A-1072-4717-A974-63E2C55C68C6}.Release|Any CPU.Build.0 = Release|Any CPU
	EndGlobalSection
	GlobalSection(SolutionProperties) = preSolution
		HideSolutionNode = FALSE
	EndGlobalSection
	GlobalSection(ExtensibilityGlobals) = postSolution
		SolutionGuid = {3C79A6FA-8411-44B9-B83A-6605FDE71E56}
	EndGlobalSection
EndGlobal
